
Microsoft Visual Studio Solution File, Format Version 12.00
# Visual Studio Version 16
VisualStudioVersion = 16.0.34031.81
MinimumVisualStudioVersion = 10.0.40219.1
Project("{FAE04EC0-301F-11D3-BF4B-00C04F79EFBC}") = "WebApplication1", "WebApplication1\WebApplication1.csproj", "{7AE64400-B4E3-4D18-9FD8-6208889899A0}"
EndProject
Global
	GlobalSection(SolutionConfigurationPlatforms) = preSolution
		Debug|Any CPU = Debug|Any CPU
		Release|Any CPU = Release|Any CPU
	EndGlobalSection
	GlobalSection(ProjectConfigurationPlatforms) = postSolution
		{7AE64400-B4E3-4D18-9FD8-6208889899A0}.Debug|Any CPU.ActiveCfg = Debug|Any CPU
		{7AE64400-B4E3-4D18-9FD8-6208889899A0}.Debug|Any CPU.Build.0 = Debug|Any CPU
		{7AE64400-B4E3-4D18-9FD8-6208889899A0}.Release|Any CPU.ActiveCfg = Release|Any CPU
		{7AE64400-B4E3-4D18-9FD8-6208889899A0}.Release|Any CPU.Build.0 = Release|Any CPU
	EndGlobalSection
	GlobalSection(SolutionProperties) = preSolution
		HideSolutionNode = FALSE
	EndGlobalSection
	GlobalSection(ExtensibilityGlobals) = postSolution
		SolutionGuid = {510FDA65-2D5F-4368-AA26-049D94918DE5}
	EndGlobalSection
EndGlobal
